// !$*UTF8*$!
{
	archiveVersion = 1;
	classes = {
	};
	objectVersion = 50;
	objects = {

/* Begin PBXBuildFile section */
		4333332D26221ECF00107A46 /* SettingsViewController.swift in Sources */ = {isa = PBXBuildFile; fileRef = 4333332C26221ECF00107A46 /* SettingsViewController.swift */; };
		43333332262220A200107A46 /* ButtonTableViewHeaderFooter.swift in Sources */ = {isa = PBXBuildFile; fileRef = 43333331262220A200107A46 /* ButtonTableViewHeaderFooter.swift */; };
		4333333A262222C800107A46 /* UITableViewHeaderFooterView.swift in Sources */ = {isa = PBXBuildFile; fileRef = 43333339262222C800107A46 /* UITableViewHeaderFooterView.swift */; };
		433333402622275200107A46 /* DeviceInformation.swift in Sources */ = {isa = PBXBuildFile; fileRef = 4333333F2622275200107A46 /* DeviceInformation.swift */; };
		433333452622275E00107A46 /* AppContext.swift in Sources */ = {isa = PBXBuildFile; fileRef = 433333442622275E00107A46 /* AppContext.swift */; };
		4333334A2622297B00107A46 /* UIBarButtonItem+Extensions.swift in Sources */ = {isa = PBXBuildFile; fileRef = 433333492622297B00107A46 /* UIBarButtonItem+Extensions.swift */; };
		4333334F26222A5D00107A46 /* UIImage+Extensions.swift in Sources */ = {isa = PBXBuildFile; fileRef = 4333334E26222A5D00107A46 /* UIImage+Extensions.swift */; };
		43333354262290AF00107A46 /* UIView+Extensions.swift in Sources */ = {isa = PBXBuildFile; fileRef = 43333353262290AF00107A46 /* UIView+Extensions.swift */; };
		4333335926229DA300107A46 /* NavigationController.swift in Sources */ = {isa = PBXBuildFile; fileRef = 4333335826229DA300107A46 /* NavigationController.swift */; };
		43B278D926190E60006470AB /* AppDelegate.swift in Sources */ = {isa = PBXBuildFile; fileRef = 43B278D826190E60006470AB /* AppDelegate.swift */; };
		43B278DB26190E60006470AB /* SceneDelegate.swift in Sources */ = {isa = PBXBuildFile; fileRef = 43B278DA26190E60006470AB /* SceneDelegate.swift */; };
		43B278DD26190E60006470AB /* ViewController.swift in Sources */ = {isa = PBXBuildFile; fileRef = 43B278DC26190E60006470AB /* ViewController.swift */; };
		43B278E026190E60006470AB /* Main.storyboard in Resources */ = {isa = PBXBuildFile; fileRef = 43B278DE26190E60006470AB /* Main.storyboard */; };
		43B278E326190E60006470AB /* Antrah.xcdatamodeld in Sources */ = {isa = PBXBuildFile; fileRef = 43B278E126190E60006470AB /* Antrah.xcdatamodeld */; };
		43B278E526190E61006470AB /* Assets.xcassets in Resources */ = {isa = PBXBuildFile; fileRef = 43B278E426190E61006470AB /* Assets.xcassets */; };
		43B278E826190E61006470AB /* LaunchScreen.storyboard in Resources */ = {isa = PBXBuildFile; fileRef = 43B278E626190E61006470AB /* LaunchScreen.storyboard */; };
		43B278F326190E61006470AB /* AntrahTests.swift in Sources */ = {isa = PBXBuildFile; fileRef = 43B278F226190E61006470AB /* AntrahTests.swift */; };
		43B278FE26190E61006470AB /* AntrahUITests.swift in Sources */ = {isa = PBXBuildFile; fileRef = 43B278FD26190E61006470AB /* AntrahUITests.swift */; };
		43B2791226190ECB006470AB /* MainCoordinator.swift in Sources */ = {isa = PBXBuildFile; fileRef = 43B2791126190ECB006470AB /* MainCoordinator.swift */; };
		43B2791B26192726006470AB /* UIFont+Extensions.swift in Sources */ = {isa = PBXBuildFile; fileRef = 43B2791A26192726006470AB /* UIFont+Extensions.swift */; };
		43B2792426192797006470AB /* AskQuestionViewController.swift in Sources */ = {isa = PBXBuildFile; fileRef = 43B2792326192797006470AB /* AskQuestionViewController.swift */; };
		43B279292619286E006470AB /* UIColor+Extensions.swift in Sources */ = {isa = PBXBuildFile; fileRef = 43B279282619286E006470AB /* UIColor+Extensions.swift */; };
		43B2792F26192E49006470AB /* VerticalScrollStackView.swift in Sources */ = {isa = PBXBuildFile; fileRef = 43B2792E26192E49006470AB /* VerticalScrollStackView.swift */; };
		43B2793726192F1D006470AB /* UIStackView+Extensions.swift in Sources */ = {isa = PBXBuildFile; fileRef = 43B2793626192F1D006470AB /* UIStackView+Extensions.swift */; };
		43EA8B082619662900CC2626 /* CGFloat+Extensions.swift in Sources */ = {isa = PBXBuildFile; fileRef = 43EA8B072619662900CC2626 /* CGFloat+Extensions.swift */; };
		43EA8B0D2619713D00CC2626 /* BorderView.swift in Sources */ = {isa = PBXBuildFile; fileRef = 43EA8B0C2619713D00CC2626 /* BorderView.swift */; };
		43EA8B12261A7D3700CC2626 /* QuestionFeedViewController.swift in Sources */ = {isa = PBXBuildFile; fileRef = 43EA8B11261A7D3700CC2626 /* QuestionFeedViewController.swift */; };
		43EA8B18261A7DF300CC2626 /* Question.swift in Sources */ = {isa = PBXBuildFile; fileRef = 43EA8B17261A7DF300CC2626 /* Question.swift */; };
		43EA8B1D261A7E7300CC2626 /* QuestionTag.swift in Sources */ = {isa = PBXBuildFile; fileRef = 43EA8B1C261A7E7300CC2626 /* QuestionTag.swift */; };
		43EA8B22261A7F8300CC2626 /* User.swift in Sources */ = {isa = PBXBuildFile; fileRef = 43EA8B21261A7F8300CC2626 /* User.swift */; };
		43EA8B27261A7FDD00CC2626 /* Vote.swift in Sources */ = {isa = PBXBuildFile; fileRef = 43EA8B26261A7FDD00CC2626 /* Vote.swift */; };
		43EA8B2C261A802100CC2626 /* Answer.swift in Sources */ = {isa = PBXBuildFile; fileRef = 43EA8B2B261A802100CC2626 /* Answer.swift */; };
		43EA8B31261A859A00CC2626 /* UITableViewCell+Extensions.swift in Sources */ = {isa = PBXBuildFile; fileRef = 43EA8B30261A859A00CC2626 /* UITableViewCell+Extensions.swift */; };
		43EA8B36261A85F000CC2626 /* QuestionFeedTableViewCell.swift in Sources */ = {isa = PBXBuildFile; fileRef = 43EA8B35261A85F000CC2626 /* QuestionFeedTableViewCell.swift */; };
		43EA8B3E261ACAEC00CC2626 /* NotificationFeedViewController.swift in Sources */ = {isa = PBXBuildFile; fileRef = 43EA8B3D261ACAEC00CC2626 /* NotificationFeedViewController.swift */; };
		43EA8B43261ACCE700CC2626 /* NotificationFeedTableViewCell.swift in Sources */ = {isa = PBXBuildFile; fileRef = 43EA8B42261ACCE700CC2626 /* NotificationFeedTableViewCell.swift */; };
		43EA8B48261AD70700CC2626 /* NSMutableAttributedString+Extensions.swift in Sources */ = {isa = PBXBuildFile; fileRef = 43EA8B47261AD70700CC2626 /* NSMutableAttributedString+Extensions.swift */; };
		43EA8B55261AD7B600CC2626 /* NSAttributedString+Extensions.swift in Sources */ = {isa = PBXBuildFile; fileRef = 43EA8B54261AD7B600CC2626 /* NSAttributedString+Extensions.swift */; };
		43EA8B5A261C1CA400CC2626 /* SignupViewController.swift in Sources */ = {isa = PBXBuildFile; fileRef = 43EA8B59261C1CA400CC2626 /* SignupViewController.swift */; };
		43EA8B5F261C1FF700CC2626 /* ProfileViewController.swift in Sources */ = {isa = PBXBuildFile; fileRef = 43EA8B5E261C1FF700CC2626 /* ProfileViewController.swift */; };
/* End PBXBuildFile section */

/* Begin PBXContainerItemProxy section */
		43B278EF26190E61006470AB /* PBXContainerItemProxy */ = {
			isa = PBXContainerItemProxy;
			containerPortal = 43B278CD26190E60006470AB /* Project object */;
			proxyType = 1;
			remoteGlobalIDString = 43B278D426190E60006470AB;
			remoteInfo = Antrah;
		};
		43B278FA26190E61006470AB /* PBXContainerItemProxy */ = {
			isa = PBXContainerItemProxy;
			containerPortal = 43B278CD26190E60006470AB /* Project object */;
			proxyType = 1;
			remoteGlobalIDString = 43B278D426190E60006470AB;
			remoteInfo = Antrah;
		};
/* End PBXContainerItemProxy section */

/* Begin PBXFileReference section */
		4333332C26221ECF00107A46 /* SettingsViewController.swift */ = {isa = PBXFileReference; lastKnownFileType = sourcecode.swift; path = SettingsViewController.swift; sourceTree = "<group>"; };
		43333331262220A200107A46 /* ButtonTableViewHeaderFooter.swift */ = {isa = PBXFileReference; lastKnownFileType = sourcecode.swift; path = ButtonTableViewHeaderFooter.swift; sourceTree = "<group>"; };
		43333339262222C800107A46 /* UITableViewHeaderFooterView.swift */ = {isa = PBXFileReference; lastKnownFileType = sourcecode.swift; path = UITableViewHeaderFooterView.swift; sourceTree = "<group>"; };
		4333333F2622275200107A46 /* DeviceInformation.swift */ = {isa = PBXFileReference; lastKnownFileType = sourcecode.swift; path = DeviceInformation.swift; sourceTree = "<group>"; };
		433333442622275E00107A46 /* AppContext.swift */ = {isa = PBXFileReference; lastKnownFileType = sourcecode.swift; path = AppContext.swift; sourceTree = "<group>"; };
		433333492622297B00107A46 /* UIBarButtonItem+Extensions.swift */ = {isa = PBXFileReference; lastKnownFileType = sourcecode.swift; path = "UIBarButtonItem+Extensions.swift"; sourceTree = "<group>"; };
		4333334E26222A5D00107A46 /* UIImage+Extensions.swift */ = {isa = PBXFileReference; lastKnownFileType = sourcecode.swift; path = "UIImage+Extensions.swift"; sourceTree = "<group>"; };
		43333353262290AF00107A46 /* UIView+Extensions.swift */ = {isa = PBXFileReference; lastKnownFileType = sourcecode.swift; path = "UIView+Extensions.swift"; sourceTree = "<group>"; };
		4333335826229DA300107A46 /* NavigationController.swift */ = {isa = PBXFileReference; lastKnownFileType = sourcecode.swift; path = NavigationController.swift; sourceTree = "<group>"; };
		43B278D526190E60006470AB /* Antrah.app */ = {isa = PBXFileReference; explicitFileType = wrapper.application; includeInIndex = 0; path = Antrah.app; sourceTree = BUILT_PRODUCTS_DIR; };
		43B278D826190E60006470AB /* AppDelegate.swift */ = {isa = PBXFileReference; lastKnownFileType = sourcecode.swift; path = AppDelegate.swift; sourceTree = "<group>"; };
		43B278DA26190E60006470AB /* SceneDelegate.swift */ = {isa = PBXFileReference; lastKnownFileType = sourcecode.swift; path = SceneDelegate.swift; sourceTree = "<group>"; };
		43B278DC26190E60006470AB /* ViewController.swift */ = {isa = PBXFileReference; lastKnownFileType = sourcecode.swift; path = ViewController.swift; sourceTree = "<group>"; };
		43B278DF26190E60006470AB /* Base */ = {isa = PBXFileReference; lastKnownFileType = file.storyboard; name = Base; path = Base.lproj/Main.storyboard; sourceTree = "<group>"; };
		43B278E226190E60006470AB /* Antrah.xcdatamodel */ = {isa = PBXFileReference; lastKnownFileType = wrapper.xcdatamodel; path = Antrah.xcdatamodel; sourceTree = "<group>"; };
		43B278E426190E61006470AB /* Assets.xcassets */ = {isa = PBXFileReference; lastKnownFileType = folder.assetcatalog; path = Assets.xcassets; sourceTree = "<group>"; };
		43B278E726190E61006470AB /* Base */ = {isa = PBXFileReference; lastKnownFileType = file.storyboard; name = Base; path = Base.lproj/LaunchScreen.storyboard; sourceTree = "<group>"; };
		43B278E926190E61006470AB /* Info.plist */ = {isa = PBXFileReference; lastKnownFileType = text.plist.xml; path = Info.plist; sourceTree = "<group>"; };
		43B278EE26190E61006470AB /* AntrahTests.xctest */ = {isa = PBXFileReference; explicitFileType = wrapper.cfbundle; includeInIndex = 0; path = AntrahTests.xctest; sourceTree = BUILT_PRODUCTS_DIR; };
		43B278F226190E61006470AB /* AntrahTests.swift */ = {isa = PBXFileReference; lastKnownFileType = sourcecode.swift; path = AntrahTests.swift; sourceTree = "<group>"; };
		43B278F426190E61006470AB /* Info.plist */ = {isa = PBXFileReference; lastKnownFileType = text.plist.xml; path = Info.plist; sourceTree = "<group>"; };
		43B278F926190E61006470AB /* AntrahUITests.xctest */ = {isa = PBXFileReference; explicitFileType = wrapper.cfbundle; includeInIndex = 0; path = AntrahUITests.xctest; sourceTree = BUILT_PRODUCTS_DIR; };
		43B278FD26190E61006470AB /* AntrahUITests.swift */ = {isa = PBXFileReference; lastKnownFileType = sourcecode.swift; path = AntrahUITests.swift; sourceTree = "<group>"; };
		43B278FF26190E61006470AB /* Info.plist */ = {isa = PBXFileReference; lastKnownFileType = text.plist.xml; path = Info.plist; sourceTree = "<group>"; };
		43B2791126190ECB006470AB /* MainCoordinator.swift */ = {isa = PBXFileReference; lastKnownFileType = sourcecode.swift; path = MainCoordinator.swift; sourceTree = "<group>"; };
		43B2791A26192726006470AB /* UIFont+Extensions.swift */ = {isa = PBXFileReference; lastKnownFileType = sourcecode.swift; path = "UIFont+Extensions.swift"; sourceTree = "<group>"; };
		43B2792326192797006470AB /* AskQuestionViewController.swift */ = {isa = PBXFileReference; lastKnownFileType = sourcecode.swift; path = AskQuestionViewController.swift; sourceTree = "<group>"; };
		43B279282619286E006470AB /* UIColor+Extensions.swift */ = {isa = PBXFileReference; lastKnownFileType = sourcecode.swift; path = "UIColor+Extensions.swift"; sourceTree = "<group>"; };
		43B2792E26192E49006470AB /* VerticalScrollStackView.swift */ = {isa = PBXFileReference; lastKnownFileType = sourcecode.swift; path = VerticalScrollStackView.swift; sourceTree = "<group>"; };
		43B2793626192F1D006470AB /* UIStackView+Extensions.swift */ = {isa = PBXFileReference; lastKnownFileType = sourcecode.swift; path = "UIStackView+Extensions.swift"; sourceTree = "<group>"; };
		43EA8B072619662900CC2626 /* CGFloat+Extensions.swift */ = {isa = PBXFileReference; lastKnownFileType = sourcecode.swift; path = "CGFloat+Extensions.swift"; sourceTree = "<group>"; };
		43EA8B0C2619713D00CC2626 /* BorderView.swift */ = {isa = PBXFileReference; lastKnownFileType = sourcecode.swift; path = BorderView.swift; sourceTree = "<group>"; };
		43EA8B11261A7D3700CC2626 /* QuestionFeedViewController.swift */ = {isa = PBXFileReference; lastKnownFileType = sourcecode.swift; path = QuestionFeedViewController.swift; sourceTree = "<group>"; };
		43EA8B17261A7DF300CC2626 /* Question.swift */ = {isa = PBXFileReference; lastKnownFileType = sourcecode.swift; path = Question.swift; sourceTree = "<group>"; };
		43EA8B1C261A7E7300CC2626 /* QuestionTag.swift */ = {isa = PBXFileReference; lastKnownFileType = sourcecode.swift; path = QuestionTag.swift; sourceTree = "<group>"; };
		43EA8B21261A7F8300CC2626 /* User.swift */ = {isa = PBXFileReference; lastKnownFileType = sourcecode.swift; path = User.swift; sourceTree = "<group>"; };
		43EA8B26261A7FDD00CC2626 /* Vote.swift */ = {isa = PBXFileReference; lastKnownFileType = sourcecode.swift; path = Vote.swift; sourceTree = "<group>"; };
		43EA8B2B261A802100CC2626 /* Answer.swift */ = {isa = PBXFileReference; lastKnownFileType = sourcecode.swift; path = Answer.swift; sourceTree = "<group>"; };
		43EA8B30261A859A00CC2626 /* UITableViewCell+Extensions.swift */ = {isa = PBXFileReference; lastKnownFileType = sourcecode.swift; path = "UITableViewCell+Extensions.swift"; sourceTree = "<group>"; };
		43EA8B35261A85F000CC2626 /* QuestionFeedTableViewCell.swift */ = {isa = PBXFileReference; lastKnownFileType = sourcecode.swift; path = QuestionFeedTableViewCell.swift; sourceTree = "<group>"; };
		43EA8B3D261ACAEC00CC2626 /* NotificationFeedViewController.swift */ = {isa = PBXFileReference; lastKnownFileType = sourcecode.swift; path = NotificationFeedViewController.swift; sourceTree = "<group>"; };
		43EA8B42261ACCE700CC2626 /* NotificationFeedTableViewCell.swift */ = {isa = PBXFileReference; lastKnownFileType = sourcecode.swift; path = NotificationFeedTableViewCell.swift; sourceTree = "<group>"; };
		43EA8B47261AD70700CC2626 /* NSMutableAttributedString+Extensions.swift */ = {isa = PBXFileReference; lastKnownFileType = sourcecode.swift; path = "NSMutableAttributedString+Extensions.swift"; sourceTree = "<group>"; };
		43EA8B54261AD7B600CC2626 /* NSAttributedString+Extensions.swift */ = {isa = PBXFileReference; lastKnownFileType = sourcecode.swift; path = "NSAttributedString+Extensions.swift"; sourceTree = "<group>"; };
		43EA8B59261C1CA400CC2626 /* SignupViewController.swift */ = {isa = PBXFileReference; lastKnownFileType = sourcecode.swift; path = SignupViewController.swift; sourceTree = "<group>"; };
		43EA8B5E261C1FF700CC2626 /* ProfileViewController.swift */ = {isa = PBXFileReference; lastKnownFileType = sourcecode.swift; path = ProfileViewController.swift; sourceTree = "<group>"; };
/* End PBXFileReference section */

/* Begin PBXFrameworksBuildPhase section */
		43B278D226190E60006470AB /* Frameworks */ = {
			isa = PBXFrameworksBuildPhase;
			buildActionMask = 2147483647;
			files = (
			);
			runOnlyForDeploymentPostprocessing = 0;
		};
		43B278EB26190E61006470AB /* Frameworks */ = {
			isa = PBXFrameworksBuildPhase;
			buildActionMask = 2147483647;
			files = (
			);
			runOnlyForDeploymentPostprocessing = 0;
		};
		43B278F626190E61006470AB /* Frameworks */ = {
			isa = PBXFrameworksBuildPhase;
			buildActionMask = 2147483647;
			files = (
			);
			runOnlyForDeploymentPostprocessing = 0;
		};
/* End PBXFrameworksBuildPhase section */

/* Begin PBXGroup section */
		4333333E2622274200107A46 /* Util */ = {
			isa = PBXGroup;
			children = (
				4333333F2622275200107A46 /* DeviceInformation.swift */,
				433333442622275E00107A46 /* AppContext.swift */,
			);
			path = Util;
			sourceTree = "<group>";
		};
		43B278CC26190E60006470AB = {
			isa = PBXGroup;
			children = (
				43B278D726190E60006470AB /* Antrah */,
				43B278F126190E61006470AB /* AntrahTests */,
				43B278FC26190E61006470AB /* AntrahUITests */,
				43B278D626190E60006470AB /* Products */,
			);
			sourceTree = "<group>";
		};
		43B278D626190E60006470AB /* Products */ = {
			isa = PBXGroup;
			children = (
				43B278D526190E60006470AB /* Antrah.app */,
				43B278EE26190E61006470AB /* AntrahTests.xctest */,
				43B278F926190E61006470AB /* AntrahUITests.xctest */,
			);
			name = Products;
			sourceTree = "<group>";
		};
		43B278D726190E60006470AB /* Antrah */ = {
			isa = PBXGroup;
			children = (
				43B2790F26190EB3006470AB /* src */,
				43B278D826190E60006470AB /* AppDelegate.swift */,
				43B278DA26190E60006470AB /* SceneDelegate.swift */,
				43B278DC26190E60006470AB /* ViewController.swift */,
				43B278DE26190E60006470AB /* Main.storyboard */,
				43B278E426190E61006470AB /* Assets.xcassets */,
				43B278E626190E61006470AB /* LaunchScreen.storyboard */,
				43B278E926190E61006470AB /* Info.plist */,
				43B278E126190E60006470AB /* Antrah.xcdatamodeld */,
			);
			path = Antrah;
			sourceTree = "<group>";
		};
		43B278F126190E61006470AB /* AntrahTests */ = {
			isa = PBXGroup;
			children = (
				43B278F226190E61006470AB /* AntrahTests.swift */,
				43B278F426190E61006470AB /* Info.plist */,
			);
			path = AntrahTests;
			sourceTree = "<group>";
		};
		43B278FC26190E61006470AB /* AntrahUITests */ = {
			isa = PBXGroup;
			children = (
				43B278FD26190E61006470AB /* AntrahUITests.swift */,
				43B278FF26190E61006470AB /* Info.plist */,
			);
			path = AntrahUITests;
			sourceTree = "<group>";
		};
		43B2790F26190EB3006470AB /* src */ = {
			isa = PBXGroup;
			children = (
				4333333E2622274200107A46 /* Util */,
				43EA8B16261A7DE700CC2626 /* Models */,
				43B2792D26192E1E006470AB /* Views */,
				43B2792226192775006470AB /* ViewControllers */,
				43B2791926192714006470AB /* Extensions */,
				43B2791026190EB8006470AB /* Coordinators */,
			);
			path = src;
			sourceTree = "<group>";
		};
		43B2791026190EB8006470AB /* Coordinators */ = {
			isa = PBXGroup;
			children = (
				43B2791126190ECB006470AB /* MainCoordinator.swift */,
			);
			path = Coordinators;
			sourceTree = "<group>";
		};
		43B2791926192714006470AB /* Extensions */ = {
			isa = PBXGroup;
			children = (
				43B2791A26192726006470AB /* UIFont+Extensions.swift */,
				43B279282619286E006470AB /* UIColor+Extensions.swift */,
				43B2793626192F1D006470AB /* UIStackView+Extensions.swift */,
				43EA8B072619662900CC2626 /* CGFloat+Extensions.swift */,
				43EA8B30261A859A00CC2626 /* UITableViewCell+Extensions.swift */,
				43EA8B47261AD70700CC2626 /* NSMutableAttributedString+Extensions.swift */,
				43EA8B54261AD7B600CC2626 /* NSAttributedString+Extensions.swift */,
				43333339262222C800107A46 /* UITableViewHeaderFooterView.swift */,
				433333492622297B00107A46 /* UIBarButtonItem+Extensions.swift */,
				4333334E26222A5D00107A46 /* UIImage+Extensions.swift */,
				43333353262290AF00107A46 /* UIView+Extensions.swift */,
			);
			path = Extensions;
			sourceTree = "<group>";
		};
		43B2792226192775006470AB /* ViewControllers */ = {
			isa = PBXGroup;
			children = (
				43B2792326192797006470AB /* AskQuestionViewController.swift */,
				43EA8B11261A7D3700CC2626 /* QuestionFeedViewController.swift */,
				43EA8B3D261ACAEC00CC2626 /* NotificationFeedViewController.swift */,
				43EA8B59261C1CA400CC2626 /* SignupViewController.swift */,
				43EA8B5E261C1FF700CC2626 /* ProfileViewController.swift */,
				4333332C26221ECF00107A46 /* SettingsViewController.swift */,
				4333335826229DA300107A46 /* NavigationController.swift */,
			);
			path = ViewControllers;
			sourceTree = "<group>";
		};
		43B2792D26192E1E006470AB /* Views */ = {
			isa = PBXGroup;
			children = (
				43B2792E26192E49006470AB /* VerticalScrollStackView.swift */,
				43EA8B0C2619713D00CC2626 /* BorderView.swift */,
				43EA8B35261A85F000CC2626 /* QuestionFeedTableViewCell.swift */,
				43EA8B42261ACCE700CC2626 /* NotificationFeedTableViewCell.swift */,
				43333331262220A200107A46 /* ButtonTableViewHeaderFooter.swift */,
			);
			path = Views;
			sourceTree = "<group>";
		};
		43EA8B16261A7DE700CC2626 /* Models */ = {
			isa = PBXGroup;
			children = (
				43EA8B17261A7DF300CC2626 /* Question.swift */,
				43EA8B1C261A7E7300CC2626 /* QuestionTag.swift */,
				43EA8B21261A7F8300CC2626 /* User.swift */,
				43EA8B26261A7FDD00CC2626 /* Vote.swift */,
				43EA8B2B261A802100CC2626 /* Answer.swift */,
			);
			path = Models;
			sourceTree = "<group>";
		};
/* End PBXGroup section */

/* Begin PBXNativeTarget section */
		43B278D426190E60006470AB /* Antrah */ = {
			isa = PBXNativeTarget;
			buildConfigurationList = 43B2790226190E61006470AB /* Build configuration list for PBXNativeTarget "Antrah" */;
			buildPhases = (
				43B278D126190E60006470AB /* Sources */,
				43B278D226190E60006470AB /* Frameworks */,
				43B278D326190E60006470AB /* Resources */,
			);
			buildRules = (
			);
			dependencies = (
			);
			name = Antrah;
			productName = Antrah;
			productReference = 43B278D526190E60006470AB /* Antrah.app */;
			productType = "com.apple.product-type.application";
		};
		43B278ED26190E61006470AB /* AntrahTests */ = {
			isa = PBXNativeTarget;
			buildConfigurationList = 43B2790526190E61006470AB /* Build configuration list for PBXNativeTarget "AntrahTests" */;
			buildPhases = (
				43B278EA26190E61006470AB /* Sources */,
				43B278EB26190E61006470AB /* Frameworks */,
				43B278EC26190E61006470AB /* Resources */,
			);
			buildRules = (
			);
			dependencies = (
				43B278F026190E61006470AB /* PBXTargetDependency */,
			);
			name = AntrahTests;
			productName = AntrahTests;
			productReference = 43B278EE26190E61006470AB /* AntrahTests.xctest */;
			productType = "com.apple.product-type.bundle.unit-test";
		};
		43B278F826190E61006470AB /* AntrahUITests */ = {
			isa = PBXNativeTarget;
			buildConfigurationList = 43B2790826190E61006470AB /* Build configuration list for PBXNativeTarget "AntrahUITests" */;
			buildPhases = (
				43B278F526190E61006470AB /* Sources */,
				43B278F626190E61006470AB /* Frameworks */,
				43B278F726190E61006470AB /* Resources */,
			);
			buildRules = (
			);
			dependencies = (
				43B278FB26190E61006470AB /* PBXTargetDependency */,
			);
			name = AntrahUITests;
			productName = AntrahUITests;
			productReference = 43B278F926190E61006470AB /* AntrahUITests.xctest */;
			productType = "com.apple.product-type.bundle.ui-testing";
		};
/* End PBXNativeTarget section */

/* Begin PBXProject section */
		43B278CD26190E60006470AB /* Project object */ = {
			isa = PBXProject;
			attributes = {
				LastSwiftUpdateCheck = 1240;
				LastUpgradeCheck = 1240;
				TargetAttributes = {
					43B278D426190E60006470AB = {
						CreatedOnToolsVersion = 12.4;
					};
					43B278ED26190E61006470AB = {
						CreatedOnToolsVersion = 12.4;
						TestTargetID = 43B278D426190E60006470AB;
					};
					43B278F826190E61006470AB = {
						CreatedOnToolsVersion = 12.4;
						TestTargetID = 43B278D426190E60006470AB;
					};
				};
			};
			buildConfigurationList = 43B278D026190E60006470AB /* Build configuration list for PBXProject "Antrah" */;
			compatibilityVersion = "Xcode 9.3";
			developmentRegion = en;
			hasScannedForEncodings = 0;
			knownRegions = (
				en,
				Base,
			);
			mainGroup = 43B278CC26190E60006470AB;
			productRefGroup = 43B278D626190E60006470AB /* Products */;
			projectDirPath = "";
			projectRoot = "";
			targets = (
				43B278D426190E60006470AB /* Antrah */,
				43B278ED26190E61006470AB /* AntrahTests */,
				43B278F826190E61006470AB /* AntrahUITests */,
			);
		};
/* End PBXProject section */

/* Begin PBXResourcesBuildPhase section */
		43B278D326190E60006470AB /* Resources */ = {
			isa = PBXResourcesBuildPhase;
			buildActionMask = 2147483647;
			files = (
				43B278E826190E61006470AB /* LaunchScreen.storyboard in Resources */,
				43B278E526190E61006470AB /* Assets.xcassets in Resources */,
				43B278E026190E60006470AB /* Main.storyboard in Resources */,
			);
			runOnlyForDeploymentPostprocessing = 0;
		};
		43B278EC26190E61006470AB /* Resources */ = {
			isa = PBXResourcesBuildPhase;
			buildActionMask = 2147483647;
			files = (
			);
			runOnlyForDeploymentPostprocessing = 0;
		};
		43B278F726190E61006470AB /* Resources */ = {
			isa = PBXResourcesBuildPhase;
			buildActionMask = 2147483647;
			files = (
			);
			runOnlyForDeploymentPostprocessing = 0;
		};
/* End PBXResourcesBuildPhase section */

/* Begin PBXSourcesBuildPhase section */
		43B278D126190E60006470AB /* Sources */ = {
			isa = PBXSourcesBuildPhase;
			buildActionMask = 2147483647;
			files = (
				43EA8B082619662900CC2626 /* CGFloat+Extensions.swift in Sources */,
				43EA8B55261AD7B600CC2626 /* NSAttributedString+Extensions.swift in Sources */,
				43EA8B1D261A7E7300CC2626 /* QuestionTag.swift in Sources */,
				43B278DD26190E60006470AB /* ViewController.swift in Sources */,
				433333452622275E00107A46 /* AppContext.swift in Sources */,
				43EA8B2C261A802100CC2626 /* Answer.swift in Sources */,
				43333354262290AF00107A46 /* UIView+Extensions.swift in Sources */,
				43B278E326190E60006470AB /* Antrah.xcdatamodeld in Sources */,
				43EA8B22261A7F8300CC2626 /* User.swift in Sources */,
				4333334A2622297B00107A46 /* UIBarButtonItem+Extensions.swift in Sources */,
				43B278D926190E60006470AB /* AppDelegate.swift in Sources */,
				43EA8B0D2619713D00CC2626 /* BorderView.swift in Sources */,
				4333335926229DA300107A46 /* NavigationController.swift in Sources */,
				43EA8B18261A7DF300CC2626 /* Question.swift in Sources */,
				43EA8B5F261C1FF700CC2626 /* ProfileViewController.swift in Sources */,
				43EA8B31261A859A00CC2626 /* UITableViewCell+Extensions.swift in Sources */,
				43B279292619286E006470AB /* UIColor+Extensions.swift in Sources */,
				4333334F26222A5D00107A46 /* UIImage+Extensions.swift in Sources */,
				43B2791226190ECB006470AB /* MainCoordinator.swift in Sources */,
				4333333A262222C800107A46 /* UITableViewHeaderFooterView.swift in Sources */,
				43B2792426192797006470AB /* AskQuestionViewController.swift in Sources */,
				433333402622275200107A46 /* DeviceInformation.swift in Sources */,
				43EA8B27261A7FDD00CC2626 /* Vote.swift in Sources */,
				43B2791B26192726006470AB /* UIFont+Extensions.swift in Sources */,
				43EA8B3E261ACAEC00CC2626 /* NotificationFeedViewController.swift in Sources */,
				43EA8B48261AD70700CC2626 /* NSMutableAttributedString+Extensions.swift in Sources */,
				43B2793726192F1D006470AB /* UIStackView+Extensions.swift in Sources */,
				43333332262220A200107A46 /* ButtonTableViewHeaderFooter.swift in Sources */,
				43B2792F26192E49006470AB /* VerticalScrollStackView.swift in Sources */,
				43EA8B36261A85F000CC2626 /* QuestionFeedTableViewCell.swift in Sources */,
				43B278DB26190E60006470AB /* SceneDelegate.swift in Sources */,
				43EA8B5A261C1CA400CC2626 /* SignupViewController.swift in Sources */,
				43EA8B43261ACCE700CC2626 /* NotificationFeedTableViewCell.swift in Sources */,
				43EA8B12261A7D3700CC2626 /* QuestionFeedViewController.swift in Sources */,
				4333332D26221ECF00107A46 /* SettingsViewController.swift in Sources */,
			);
			runOnlyForDeploymentPostprocessing = 0;
		};
		43B278EA26190E61006470AB /* Sources */ = {
			isa = PBXSourcesBuildPhase;
			buildActionMask = 2147483647;
			files = (
				43B278F326190E61006470AB /* AntrahTests.swift in Sources */,
			);
			runOnlyForDeploymentPostprocessing = 0;
		};
		43B278F526190E61006470AB /* Sources */ = {
			isa = PBXSourcesBuildPhase;
			buildActionMask = 2147483647;
			files = (
				43B278FE26190E61006470AB /* AntrahUITests.swift in Sources */,
			);
			runOnlyForDeploymentPostprocessing = 0;
		};
/* End PBXSourcesBuildPhase section */

/* Begin PBXTargetDependency section */
		43B278F026190E61006470AB /* PBXTargetDependency */ = {
			isa = PBXTargetDependency;
			target = 43B278D426190E60006470AB /* Antrah */;
			targetProxy = 43B278EF26190E61006470AB /* PBXContainerItemProxy */;
		};
		43B278FB26190E61006470AB /* PBXTargetDependency */ = {
			isa = PBXTargetDependency;
			target = 43B278D426190E60006470AB /* Antrah */;
			targetProxy = 43B278FA26190E61006470AB /* PBXContainerItemProxy */;
		};
/* End PBXTargetDependency section */

/* Begin PBXVariantGroup section */
		43B278DE26190E60006470AB /* Main.storyboard */ = {
			isa = PBXVariantGroup;
			children = (
				43B278DF26190E60006470AB /* Base */,
			);
			name = Main.storyboard;
			sourceTree = "<group>";
		};
		43B278E626190E61006470AB /* LaunchScreen.storyboard */ = {
			isa = PBXVariantGroup;
			children = (
				43B278E726190E61006470AB /* Base */,
			);
			name = LaunchScreen.storyboard;
			sourceTree = "<group>";
		};
/* End PBXVariantGroup section */

/* Begin XCBuildConfiguration section */
		43B2790026190E61006470AB /* Debug */ = {
			isa = XCBuildConfiguration;
			buildSettings = {
				ALWAYS_SEARCH_USER_PATHS = NO;
				CLANG_ANALYZER_NONNULL = YES;
				CLANG_ANALYZER_NUMBER_OBJECT_CONVERSION = YES_AGGRESSIVE;
				CLANG_CXX_LANGUAGE_STANDARD = "gnu++14";
				CLANG_CXX_LIBRARY = "libc++";
				CLANG_ENABLE_MODULES = YES;
				CLANG_ENABLE_OBJC_ARC = YES;
				CLANG_ENABLE_OBJC_WEAK = YES;
				CLANG_WARN_BLOCK_CAPTURE_AUTORELEASING = YES;
				CLANG_WARN_BOOL_CONVERSION = YES;
				CLANG_WARN_COMMA = YES;
				CLANG_WARN_CONSTANT_CONVERSION = YES;
				CLANG_WARN_DEPRECATED_OBJC_IMPLEMENTATIONS = YES;
				CLANG_WARN_DIRECT_OBJC_ISA_USAGE = YES_ERROR;
				CLANG_WARN_DOCUMENTATION_COMMENTS = YES;
				CLANG_WARN_EMPTY_BODY = YES;
				CLANG_WARN_ENUM_CONVERSION = YES;
				CLANG_WARN_INFINITE_RECURSION = YES;
				CLANG_WARN_INT_CONVERSION = YES;
				CLANG_WARN_NON_LITERAL_NULL_CONVERSION = YES;
				CLANG_WARN_OBJC_IMPLICIT_RETAIN_SELF = YES;
				CLANG_WARN_OBJC_LITERAL_CONVERSION = YES;
				CLANG_WARN_OBJC_ROOT_CLASS = YES_ERROR;
				CLANG_WARN_QUOTED_INCLUDE_IN_FRAMEWORK_HEADER = YES;
				CLANG_WARN_RANGE_LOOP_ANALYSIS = YES;
				CLANG_WARN_STRICT_PROTOTYPES = YES;
				CLANG_WARN_SUSPICIOUS_MOVE = YES;
				CLANG_WARN_UNGUARDED_AVAILABILITY = YES_AGGRESSIVE;
				CLANG_WARN_UNREACHABLE_CODE = YES;
				CLANG_WARN__DUPLICATE_METHOD_MATCH = YES;
				COPY_PHASE_STRIP = NO;
				DEBUG_INFORMATION_FORMAT = dwarf;
				ENABLE_STRICT_OBJC_MSGSEND = YES;
				ENABLE_TESTABILITY = YES;
				GCC_C_LANGUAGE_STANDARD = gnu11;
				GCC_DYNAMIC_NO_PIC = NO;
				GCC_NO_COMMON_BLOCKS = YES;
				GCC_OPTIMIZATION_LEVEL = 0;
				GCC_PREPROCESSOR_DEFINITIONS = (
					"DEBUG=1",
					"$(inherited)",
				);
				GCC_WARN_64_TO_32_BIT_CONVERSION = YES;
				GCC_WARN_ABOUT_RETURN_TYPE = YES_ERROR;
				GCC_WARN_UNDECLARED_SELECTOR = YES;
				GCC_WARN_UNINITIALIZED_AUTOS = YES_AGGRESSIVE;
				GCC_WARN_UNUSED_FUNCTION = YES;
				GCC_WARN_UNUSED_VARIABLE = YES;
				IPHONEOS_DEPLOYMENT_TARGET = 14.4;
				MTL_ENABLE_DEBUG_INFO = INCLUDE_SOURCE;
				MTL_FAST_MATH = YES;
				ONLY_ACTIVE_ARCH = YES;
				SDKROOT = iphoneos;
				SWIFT_ACTIVE_COMPILATION_CONDITIONS = DEBUG;
				SWIFT_OPTIMIZATION_LEVEL = "-Onone";
			};
			name = Debug;
		};
		43B2790126190E61006470AB /* Release */ = {
			isa = XCBuildConfiguration;
			buildSettings = {
				ALWAYS_SEARCH_USER_PATHS = NO;
				CLANG_ANALYZER_NONNULL = YES;
				CLANG_ANALYZER_NUMBER_OBJECT_CONVERSION = YES_AGGRESSIVE;
				CLANG_CXX_LANGUAGE_STANDARD = "gnu++14";
				CLANG_CXX_LIBRARY = "libc++";
				CLANG_ENABLE_MODULES = YES;
				CLANG_ENABLE_OBJC_ARC = YES;
				CLANG_ENABLE_OBJC_WEAK = YES;
				CLANG_WARN_BLOCK_CAPTURE_AUTORELEASING = YES;
				CLANG_WARN_BOOL_CONVERSION = YES;
				CLANG_WARN_COMMA = YES;
				CLANG_WARN_CONSTANT_CONVERSION = YES;
				CLANG_WARN_DEPRECATED_OBJC_IMPLEMENTATIONS = YES;
				CLANG_WARN_DIRECT_OBJC_ISA_USAGE = YES_ERROR;
				CLANG_WARN_DOCUMENTATION_COMMENTS = YES;
				CLANG_WARN_EMPTY_BODY = YES;
				CLANG_WARN_ENUM_CONVERSION = YES;
				CLANG_WARN_INFINITE_RECURSION = YES;
				CLANG_WARN_INT_CONVERSION = YES;
				CLANG_WARN_NON_LITERAL_NULL_CONVERSION = YES;
				CLANG_WARN_OBJC_IMPLICIT_RETAIN_SELF = YES;
				CLANG_WARN_OBJC_LITERAL_CONVERSION = YES;
				CLANG_WARN_OBJC_ROOT_CLASS = YES_ERROR;
				CLANG_WARN_QUOTED_INCLUDE_IN_FRAMEWORK_HEADER = YES;
				CLANG_WARN_RANGE_LOOP_ANALYSIS = YES;
				CLANG_WARN_STRICT_PROTOTYPES = YES;
				CLANG_WARN_SUSPICIOUS_MOVE = YES;
				CLANG_WARN_UNGUARDED_AVAILABILITY = YES_AGGRESSIVE;
				CLANG_WARN_UNREACHABLE_CODE = YES;
				CLANG_WARN__DUPLICATE_METHOD_MATCH = YES;
				COPY_PHASE_STRIP = NO;
				DEBUG_INFORMATION_FORMAT = "dwarf-with-dsym";
				ENABLE_NS_ASSERTIONS = NO;
				ENABLE_STRICT_OBJC_MSGSEND = YES;
				GCC_C_LANGUAGE_STANDARD = gnu11;
				GCC_NO_COMMON_BLOCKS = YES;
				GCC_WARN_64_TO_32_BIT_CONVERSION = YES;
				GCC_WARN_ABOUT_RETURN_TYPE = YES_ERROR;
				GCC_WARN_UNDECLARED_SELECTOR = YES;
				GCC_WARN_UNINITIALIZED_AUTOS = YES_AGGRESSIVE;
				GCC_WARN_UNUSED_FUNCTION = YES;
				GCC_WARN_UNUSED_VARIABLE = YES;
				IPHONEOS_DEPLOYMENT_TARGET = 14.4;
				MTL_ENABLE_DEBUG_INFO = NO;
				MTL_FAST_MATH = YES;
				SDKROOT = iphoneos;
				SWIFT_COMPILATION_MODE = wholemodule;
				SWIFT_OPTIMIZATION_LEVEL = "-O";
				VALIDATE_PRODUCT = YES;
			};
			name = Release;
		};
		43B2790326190E61006470AB /* Debug */ = {
			isa = XCBuildConfiguration;
			buildSettings = {
				ASSETCATALOG_COMPILER_APPICON_NAME = AppIcon;
				ASSETCATALOG_COMPILER_GLOBAL_ACCENT_COLOR_NAME = AccentColor;
				CODE_SIGN_STYLE = Automatic;
				DEVELOPMENT_TEAM = D593847M3E;
				INFOPLIST_FILE = Antrah/Info.plist;
				LD_RUNPATH_SEARCH_PATHS = (
					"$(inherited)",
					"@executable_path/Frameworks",
				);
				PRODUCT_BUNDLE_IDENTIFIER = com.hprieto.Antrah;
				PRODUCT_NAME = "$(TARGET_NAME)";
				SWIFT_VERSION = 5.0;
				TARGETED_DEVICE_FAMILY = "1,2";
			};
			name = Debug;
		};
		43B2790426190E61006470AB /* Release */ = {
			isa = XCBuildConfiguration;
			buildSettings = {
				ASSETCATALOG_COMPILER_APPICON_NAME = AppIcon;
				ASSETCATALOG_COMPILER_GLOBAL_ACCENT_COLOR_NAME = AccentColor;
				CODE_SIGN_STYLE = Automatic;
				DEVELOPMENT_TEAM = D593847M3E;
				INFOPLIST_FILE = Antrah/Info.plist;
				LD_RUNPATH_SEARCH_PATHS = (
					"$(inherited)",
					"@executable_path/Frameworks",
				);
				PRODUCT_BUNDLE_IDENTIFIER = com.hprieto.Antrah;
				PRODUCT_NAME = "$(TARGET_NAME)";
				SWIFT_VERSION = 5.0;
				TARGETED_DEVICE_FAMILY = "1,2";
			};
			name = Release;
		};
		43B2790626190E61006470AB /* Debug */ = {
			isa = XCBuildConfiguration;
			buildSettings = {
				ALWAYS_EMBED_SWIFT_STANDARD_LIBRARIES = YES;
				BUNDLE_LOADER = "$(TEST_HOST)";
				CODE_SIGN_STYLE = Automatic;
				DEVELOPMENT_TEAM = D593847M3E;
				INFOPLIST_FILE = AntrahTests/Info.plist;
				IPHONEOS_DEPLOYMENT_TARGET = 14.4;
				LD_RUNPATH_SEARCH_PATHS = (
					"$(inherited)",
					"@executable_path/Frameworks",
					"@loader_path/Frameworks",
				);
				PRODUCT_BUNDLE_IDENTIFIER = com.hprieto.AntrahTests;
				PRODUCT_NAME = "$(TARGET_NAME)";
				SWIFT_VERSION = 5.0;
				TARGETED_DEVICE_FAMILY = "1,2";
				TEST_HOST = "$(BUILT_PRODUCTS_DIR)/Antrah.app/Antrah";
			};
			name = Debug;
		};
		43B2790726190E61006470AB /* Release */ = {
			isa = XCBuildConfiguration;
			buildSettings = {
				ALWAYS_EMBED_SWIFT_STANDARD_LIBRARIES = YES;
				BUNDLE_LOADER = "$(TEST_HOST)";
				CODE_SIGN_STYLE = Automatic;
				DEVELOPMENT_TEAM = D593847M3E;
				INFOPLIST_FILE = AntrahTests/Info.plist;
				IPHONEOS_DEPLOYMENT_TARGET = 14.4;
				LD_RUNPATH_SEARCH_PATHS = (
					"$(inherited)",
					"@executable_path/Frameworks",
					"@loader_path/Frameworks",
				);
				PRODUCT_BUNDLE_IDENTIFIER = com.hprieto.AntrahTests;
				PRODUCT_NAME = "$(TARGET_NAME)";
				SWIFT_VERSION = 5.0;
				TARGETED_DEVICE_FAMILY = "1,2";
				TEST_HOST = "$(BUILT_PRODUCTS_DIR)/Antrah.app/Antrah";
			};
			name = Release;
		};
		43B2790926190E61006470AB /* Debug */ = {
			isa = XCBuildConfiguration;
			buildSettings = {
				ALWAYS_EMBED_SWIFT_STANDARD_LIBRARIES = YES;
				CODE_SIGN_STYLE = Automatic;
				DEVELOPMENT_TEAM = D593847M3E;
				INFOPLIST_FILE = AntrahUITests/Info.plist;
				LD_RUNPATH_SEARCH_PATHS = (
					"$(inherited)",
					"@executable_path/Frameworks",
					"@loader_path/Frameworks",
				);
				PRODUCT_BUNDLE_IDENTIFIER = com.hprieto.AntrahUITests;
				PRODUCT_NAME = "$(TARGET_NAME)";
				SWIFT_VERSION = 5.0;
				TARGETED_DEVICE_FAMILY = "1,2";
				TEST_TARGET_NAME = Antrah;
			};
			name = Debug;
		};
		43B2790A26190E61006470AB /* Release */ = {
			isa = XCBuildConfiguration;
			buildSettings = {
				ALWAYS_EMBED_SWIFT_STANDARD_LIBRARIES = YES;
				CODE_SIGN_STYLE = Automatic;
				DEVELOPMENT_TEAM = D593847M3E;
				INFOPLIST_FILE = AntrahUITests/Info.plist;
				LD_RUNPATH_SEARCH_PATHS = (
					"$(inherited)",
					"@executable_path/Frameworks",
					"@loader_path/Frameworks",
				);
				PRODUCT_BUNDLE_IDENTIFIER = com.hprieto.AntrahUITests;
				PRODUCT_NAME = "$(TARGET_NAME)";
				SWIFT_VERSION = 5.0;
				TARGETED_DEVICE_FAMILY = "1,2";
				TEST_TARGET_NAME = Antrah;
			};
			name = Release;
		};
/* End XCBuildConfiguration section */

/* Begin XCConfigurationList section */
		43B278D026190E60006470AB /* Build configuration list for PBXProject "Antrah" */ = {
			isa = XCConfigurationList;
			buildConfigurations = (
				43B2790026190E61006470AB /* Debug */,
				43B2790126190E61006470AB /* Release */,
			);
			defaultConfigurationIsVisible = 0;
			defaultConfigurationName = Release;
		};
		43B2790226190E61006470AB /* Build configuration list for PBXNativeTarget "Antrah" */ = {
			isa = XCConfigurationList;
			buildConfigurations = (
				43B2790326190E61006470AB /* Debug */,
				43B2790426190E61006470AB /* Release */,
			);
			defaultConfigurationIsVisible = 0;
			defaultConfigurationName = Release;
		};
		43B2790526190E61006470AB /* Build configuration list for PBXNativeTarget "AntrahTests" */ = {
			isa = XCConfigurationList;
			buildConfigurations = (
				43B2790626190E61006470AB /* Debug */,
				43B2790726190E61006470AB /* Release */,
			);
			defaultConfigurationIsVisible = 0;
			defaultConfigurationName = Release;
		};
		43B2790826190E61006470AB /* Build configuration list for PBXNativeTarget "AntrahUITests" */ = {
			isa = XCConfigurationList;
			buildConfigurations = (
				43B2790926190E61006470AB /* Debug */,
				43B2790A26190E61006470AB /* Release */,
			);
			defaultConfigurationIsVisible = 0;
			defaultConfigurationName = Release;
		};
/* End XCConfigurationList section */

/* Begin XCVersionGroup section */
		43B278E126190E60006470AB /* Antrah.xcdatamodeld */ = {
			isa = XCVersionGroup;
			children = (
				43B278E226190E60006470AB /* Antrah.xcdatamodel */,
			);
			currentVersion = 43B278E226190E60006470AB /* Antrah.xcdatamodel */;
			path = Antrah.xcdatamodeld;
			sourceTree = "<group>";
			versionGroupType = wrapper.xcdatamodel;
		};
/* End XCVersionGroup section */
	};
	rootObject = 43B278CD26190E60006470AB /* Project object */;
}
